{
  "name": "kaiheila-dotnet-docs",
  "version": "0.1.0",
  "lockfileVersion": 1,
  "requires": true,
  "dependencies": {
    "argparse": {
      "version": "1.0.10",
      "resolved": "https://registry.npm.taobao.org/argparse/download/argparse-1.0.10.tgz",
      "integrity": "sha1-vNZ5HqWuCXJeF+WtmIE0zUCz2RE=",
      "requires": {
        "sprintf-js": "~1.0.2"
      }
    },
    "balanced-match": {
      "version": "1.0.0",
      "resolved": "https://registry.npm.taobao.org/balanced-match/download/balanced-match-1.0.0.tgz",
      "integrity": "sha1-ibTRmasr7kneFk6gK4nORi1xt2c="
    },
    "brace-expansion": {
      "version": "1.1.11",
      "resolved": "https://registry.npm.taobao.org/brace-expansion/download/brace-expansion-1.1.11.tgz?cache=0&sync_timestamp=1601898201980&other_urls=https%3A%2F%2Fregistry.npm.taobao.org%2Fbrace-expansion%2Fdownload%2Fbrace-expansion-1.1.11.tgz",
      "integrity": "sha1-PH/L9SnYcibz0vUrlm/1Jx60Qd0=",
      "requires": {
        "balanced-match": "^1.0.0",
        "concat-map": "0.0.1"
      }
    },
    "commander": {
      "version": "6.2.1",
      "resolved": "https://registry.npm.taobao.org/commander/download/commander-6.2.1.tgz?cache=0&sync_timestamp=1607931337320&other_urls=https%3A%2F%2Fregistry.npm.taobao.org%2Fcommander%2Fdownload%2Fcommander-6.2.1.tgz",
      "integrity": "sha1-B5LraC37wyWZm7K4T93duhEKxzw="
    },
    "concat-map": {
      "version": "0.0.1",
      "resolved": "https://registry.npm.taobao.org/concat-map/download/concat-map-0.0.1.tgz",
      "integrity": "sha1-2Klr13/Wjfd5OnMDajug1UBdR3s="
    },
    "deep-extend": {
      "version": "0.6.0",
      "resolved": "https://registry.npm.taobao.org/deep-extend/download/deep-extend-0.6.0.tgz",
      "integrity": "sha1-xPp8lUBKF6nD6Mp+FTcxK3NjMKw="
    },
    "entities": {
      "version": "2.0.3",
      "resolved": "https://registry.npm.taobao.org/entities/download/entities-2.0.3.tgz?cache=0&sync_timestamp=1602898797807&other_urls=https%3A%2F%2Fregistry.npm.taobao.org%2Fentities%2Fdownload%2Fentities-2.0.3.tgz",
      "integrity": "sha1-XEh+V0Krk8Fau12iJ1m4WQ7AO38="
    },
    "esprima": {
      "version": "4.0.1",
      "resolved": "https://registry.npm.taobao.org/esprima/download/esprima-4.0.1.tgz",
      "integrity": "sha1-E7BM2z5sXRnfkatph6hpVhmwqnE="
    },
    "fs.realpath": {
      "version": "1.0.0",
      "resolved": "https://registry.npm.taobao.org/fs.realpath/download/fs.realpath-1.0.0.tgz",
      "integrity": "sha1-FQStJSMVjKpA20onh8sBQRmU6k8="
    },
    "get-stdin": {
      "version": "8.0.0",
      "resolved": "https://registry.npm.taobao.org/get-stdin/download/get-stdin-8.0.0.tgz",
      "integrity": "sha1-y61qc/63X27rIrqeAfiaooqpelM="
    },
    "glob": {
      "version": "7.1.6",
      "resolved": "https://registry.npm.taobao.org/glob/download/glob-7.1.6.tgz",
      "integrity": "sha1-FB8zuBp8JJLhJVlDB0gMRmeSeKY=",
      "requires": {
        "fs.realpath": "^1.0.0",
        "inflight": "^1.0.4",
        "inherits": "2",
        "minimatch": "^3.0.4",
        "once": "^1.3.0",
        "path-is-absolute": "^1.0.0"
      }
    },
    "inflight": {
      "version": "1.0.6",
      "resolved": "https://registry.npm.taobao.org/inflight/download/inflight-1.0.6.tgz",
      "integrity": "sha1-Sb1jMdfQLQwJvJEKEHW6gWW1bfk=",
      "requires": {
        "once": "^1.3.0",
        "wrappy": "1"
      }
    },
    "inherits": {
      "version": "2.0.4",
      "resolved": "https://registry.npm.taobao.org/inherits/download/inherits-2.0.4.tgz",
      "integrity": "sha1-D6LGT5MpF8NDOg3tVTY6rjdBa3w="
    },
    "ini": {
      "version": "1.3.8",
      "resolved": "https://registry.npm.taobao.org/ini/download/ini-1.3.8.tgz?cache=0&sync_timestamp=1607907801722&other_urls=https%3A%2F%2Fregistry.npm.taobao.org%2Fini%2Fdownload%2Fini-1.3.8.tgz",
      "integrity": "sha1-op2kJbSIBvNHZ6Tvzjlyaa8oQyw="
    },
    "js-yaml": {
      "version": "3.14.1",
      "resolved": "https://registry.npm.taobao.org/js-yaml/download/js-yaml-3.14.1.tgz",
      "integrity": "sha1-2ugS/bOCX6MGYJqHFzg8UMNqBTc=",
      "requires": {
        "argparse": "^1.0.7",
        "esprima": "^4.0.0"
      }
    },
    "jsonc-parser": {
      "version": "3.0.0",
      "resolved": "https://registry.npm.taobao.org/jsonc-parser/download/jsonc-parser-3.0.0.tgz",
      "integrity": "sha1-q914VwHH5+rKip7IzwcMpRp0WiI="
    },
    "linkify-it": {
      "version": "3.0.2",
      "resolved": "https://registry.npm.taobao.org/linkify-it/download/linkify-it-3.0.2.tgz",
      "integrity": "sha1-9V7ri8HTrnVASeEkqzu1bZd5f7g=",
      "requires": {
        "uc.micro": "^1.0.1"
      }
    },
    "lodash.differencewith": {
      "version": "4.5.0",
      "resolved": "https://registry.npm.taobao.org/lodash.differencewith/download/lodash.differencewith-4.5.0.tgz",
      "integrity": "sha1-uvr7yRi1UVTheRdqALsK76rIVLc="
    },
    "lodash.flatten": {
      "version": "4.4.0",
      "resolved": "https://registry.npm.taobao.org/lodash.flatten/download/lodash.flatten-4.4.0.tgz",
      "integrity": "sha1-8xwiIlqWMtK7+OSt2+8kCqdlph8="
    },
    "markdown-it": {
      "version": "12.0.2",
      "resolved": "https://registry.npm.taobao.org/markdown-it/download/markdown-it-12.0.2.tgz?cache=0&sync_timestamp=1608478454399&other_urls=https%3A%2F%2Fregistry.npm.taobao.org%2Fmarkdown-it%2Fdownload%2Fmarkdown-it-12.0.2.tgz",
      "integrity": "sha1-RAG+ro34qiIh/GVlpxiOYKBu8O0=",
      "requires": {
        "argparse": "^2.0.1",
        "entities": "~2.0.0",
        "linkify-it": "^3.0.1",
        "mdurl": "^1.0.1",
        "uc.micro": "^1.0.5"
      },
      "dependencies": {
        "argparse": {
          "version": "2.0.1",
          "resolved": "https://registry.npm.taobao.org/argparse/download/argparse-2.0.1.tgz",
          "integrity": "sha1-JG9Q88p4oyQPbJl+ipvR6sSeSzg="
        }
      }
    },
    "markdownlint": {
      "version": "0.22.0",
      "resolved": "https://registry.npm.taobao.org/markdownlint/download/markdownlint-0.22.0.tgz",
      "integrity": "sha1-TtlbYcF66fTfymoB8DjHRIRsCnI=",
      "requires": {
        "markdown-it": "12.0.2"
      }
    },
    "markdownlint-cli": {
      "version": "0.26.0",
      "resolved": "https://registry.npm.taobao.org/markdownlint-cli/download/markdownlint-cli-0.26.0.tgz",
      "integrity": "sha1-zYnj45oEkwPsElyKopHaTzMl3yk=",
      "requires": {
        "commander": "~6.2.1",
        "deep-extend": "~0.6.0",
        "get-stdin": "~8.0.0",
        "glob": "~7.1.6",
        "ignore": "~5.1.8",
        "js-yaml": "~3.14.1",
        "jsonc-parser": "~3.0.0",
        "lodash.differencewith": "~4.5.0",
        "lodash.flatten": "~4.4.0",
        "markdownlint": "~0.22.0",
        "markdownlint-rule-helpers": "~0.13.0",
        "minimatch": "~3.0.4",
        "minimist": "~1.2.5",
        "rc": "~1.2.8"
      },
      "dependencies": {
        "ignore": {
          "version": "5.1.8",
          "resolved": "https://registry.npm.taobao.org/ignore/download/ignore-5.1.8.tgz",
          "integrity": "sha1-8VCotQo0KJsz4i9YiavU2AFvDlc="
        }
      }
    },
    "markdownlint-rule-helpers": {
      "version": "0.13.0",
      "resolved": "https://registry.npm.taobao.org/markdownlint-rule-helpers/download/markdownlint-rule-helpers-0.13.0.tgz",
      "integrity": "sha1-fMZVO8f4xMikPPZvsqOmUhJPRvk="
    },
    "mdurl": {
      "version": "1.0.1",
      "resolved": "https://registry.npm.taobao.org/mdurl/download/mdurl-1.0.1.tgz",
      "integrity": "sha1-/oWy7HWlkDfyrf7BAP1sYBdhFS4="
    },
    "minimatch": {
      "version": "3.0.4",
      "resolved": "https://registry.npm.taobao.org/minimatch/download/minimatch-3.0.4.tgz",
      "integrity": "sha1-UWbihkV/AzBgZL5Ul+jbsMPTIIM=",
      "requires": {
        "brace-expansion": "^1.1.7"
      }
    },
    "minimist": {
      "version": "1.2.5",
      "resolved": "https://registry.npm.taobao.org/minimist/download/minimist-1.2.5.tgz",
      "integrity": "sha1-Z9ZgFLZqaoqqDAg8X9WN9OTpdgI="
    },
    "once": {
      "version": "1.4.0",
      "resolved": "https://registry.npm.taobao.org/once/download/once-1.4.0.tgz",
      "integrity": "sha1-WDsap3WWHUsROsF9nFC6753Xa9E=",
      "requires": {
        "wrappy": "1"
      }
    },
    "path-is-absolute": {
      "version": "1.0.1",
      "resolved": "https://registry.npm.taobao.org/path-is-absolute/download/path-is-absolute-1.0.1.tgz",
      "integrity": "sha1-F0uSaHNVNP+8es5r9TpanhtcX18="
    },
    "rc": {
      "version": "1.2.8",
      "resolved": "https://registry.npm.taobao.org/rc/download/rc-1.2.8.tgz?cache=0&sync_timestamp=1593529723659&other_urls=https%3A%2F%2Fregistry.npm.taobao.org%2Frc%2Fdownload%2Frc-1.2.8.tgz",
      "integrity": "sha1-zZJL9SAKB1uDwYjNa54hG3/A0+0=",
      "requires": {
        "deep-extend": "^0.6.0",
        "ini": "~1.3.0",
        "minimist": "^1.2.0",
        "strip-json-comments": "~2.0.1"
      },
      "dependencies": {
        "strip-json-comments": {
          "version": "2.0.1",
          "resolved": "https://registry.npm.taobao.org/strip-json-comments/download/strip-json-comments-2.0.1.tgz",
          "integrity": "sha1-PFMZQukIwml8DsNEhYwobHygpgo="
        }
      }
    },
    "sprintf-js": {
      "version": "1.0.3",
      "resolved": "https://registry.npm.taobao.org/sprintf-js/download/sprintf-js-1.0.3.tgz",
      "integrity": "sha1-BOaSb2YolTVPPdAVIDYzuFcpfiw="
    },
    "uc.micro": {
      "version": "1.0.6",
      "resolved": "https://registry.npm.taobao.org/uc.micro/download/uc.micro-1.0.6.tgz",
      "integrity": "sha1-nEEagCpAmpH8bPdAgbq6NLJEmaw="
    },
    "wrappy": {
      "version": "1.0.2",
      "resolved": "https://registry.npm.taobao.org/wrappy/download/wrappy-1.0.2.tgz",
      "integrity": "sha1-tSQ9jz7BqjXxNkYFvA0QNuMKtp8="
    }
  }
}
